github.com/lukeorth/gophercises/link v0.0.0-20230216222435-3ec589c91134 h1:W5jSbqIO04zQwPICuevfITvNoM75qQBWr6L7RQ/9dvc=
github.com/lukeorth/gophercises/link v0.0.0-20230216222435-3ec589c91134/go.mod h1:yFCnEkNIRfZvqRTghJe8m6rUiyFQxBy/hPmBtn3LeW4=
golang.org/x/net v0.5.0 h1:GyT4nK/YDHSqa1c4753ouYCDajOYKTja9Xb/OHtgvSw=
golang.org/x/net v0.5.0/go.mod h1:DivGGAXEgPSlEBzxGzZI+ZLohi+xUj054jfeKui00ws=
